
Microsoft Visual Studio Solution File, Format Version 12.00
# Visual Studio Version 16
VisualStudioVersion = 16.0.30611.23
MinimumVisualStudioVersion = 10.0.40219.1
Project("{FAE04EC0-301F-11D3-BF4B-00C04F79EFBC}") = "Venjix", "Venjix.csproj", "{475EC45A-5B64-47FD-B2B9-A73BBEEABC69}"
EndProject
Global
	GlobalSection(SolutionConfigurationPlatforms) = preSolution
		Debug|Any CPU = Debug|Any CPU
		Release|Any CPU = Release|Any CPU
	EndGlobalSection
	GlobalSection(ProjectConfigurationPlatforms) = postSolution
		{475EC45A-5B64-47FD-B2B9-A73BBEEABC69}.Debug|Any CPU.ActiveCfg = Debug|Any CPU
		{475EC45A-5B64-47FD-B2B9-A73BBEEABC69}.Debug|Any CPU.Build.0 = Debug|Any CPU
		{475EC45A-5B64-47FD-B2B9-A73BBEEABC69}.Release|Any CPU.ActiveCfg = Release|Any CPU
		{475EC45A-5B64-47FD-B2B9-A73BBEEABC69}.Release|Any CPU.Build.0 = Release|Any CPU
	EndGlobalSection
	GlobalSection(SolutionProperties) = preSolution
		HideSolutionNode = FALSE
	EndGlobalSection
	GlobalSection(ExtensibilityGlobals) = postSolution
		SolutionGuid = {F3458CDF-D791-4200-BD83-321C52C5C52E}
	EndGlobalSection
EndGlobal
