
Microsoft Visual Studio Solution File, Format Version 12.00
# Visual Studio Version 16
VisualStudioVersion = 16.0.30611.23
MinimumVisualStudioVersion = 10.0.40219.1
Project("{9A19103F-16F7-4668-BE54-9A1E7A4F7556}") = "Venjix", "frontend\Venjix.csproj", "{368C5B85-9ADD-4E1A-BDD1-A91713EC7EE4}"
EndProject
Project("{FAE04EC0-301F-11D3-BF4B-00C04F79EFBC}") = "Venjix.Backend", "backend\Venjix.Backend.csproj", "{34DDE6AC-5E87-463C-8CD2-B452E12B0FB6}"
EndProject
Global
	GlobalSection(SolutionConfigurationPlatforms) = preSolution
		Debug|Any CPU = Debug|Any CPU
		Release|Any CPU = Release|Any CPU
	EndGlobalSection
	GlobalSection(ProjectConfigurationPlatforms) = postSolution
		{368C5B85-9ADD-4E1A-BDD1-A91713EC7EE4}.Debug|Any CPU.ActiveCfg = Debug|Any CPU
		{368C5B85-9ADD-4E1A-BDD1-A91713EC7EE4}.Debug|Any CPU.Build.0 = Debug|Any CPU
		{368C5B85-9ADD-4E1A-BDD1-A91713EC7EE4}.Release|Any CPU.ActiveCfg = Release|Any CPU
		{368C5B85-9ADD-4E1A-BDD1-A91713EC7EE4}.Release|Any CPU.Build.0 = Release|Any CPU
		{34DDE6AC-5E87-463C-8CD2-B452E12B0FB6}.Debug|Any CPU.ActiveCfg = Debug|Any CPU
		{34DDE6AC-5E87-463C-8CD2-B452E12B0FB6}.Debug|Any CPU.Build.0 = Debug|Any CPU
		{34DDE6AC-5E87-463C-8CD2-B452E12B0FB6}.Release|Any CPU.ActiveCfg = Release|Any CPU
		{34DDE6AC-5E87-463C-8CD2-B452E12B0FB6}.Release|Any CPU.Build.0 = Release|Any CPU
	EndGlobalSection
	GlobalSection(SolutionProperties) = preSolution
		HideSolutionNode = FALSE
	EndGlobalSection
	GlobalSection(ExtensibilityGlobals) = postSolution
		SolutionGuid = {F3458CDF-D791-4200-BD83-321C52C5C52E}
	EndGlobalSection
EndGlobal
